PODS:
  - ActionSheet (0.1.0):
    - Core
  - Album (0.1.0):
    - AlertController
    - Core
    - HUD
    - MediaEditorKit
    - Mesh
    - PinLayout
    - pop
    - ReactiveCocoa
    - ReactiveSwift
    - SnapKit
  - AlertController (0.1):
    - SnapKit
  - Core (0.0.1):
    - Mesh
    - pop
    - ReactiveCocoa
    - ReactiveSwift
    - SnapKit
  - ESTabBarController (2.6.2)
  - Eureka (4.2.0)
  - FDFullscreenPopGesture (1.1)
  - HUD (0.1.0)
  - Kingfisher (4.8.1)
  - Masonry (1.1.0)
  - MediaEditorKit (0.1.0):
    - pop
  - Mesh (0.0.1):
    - Kingfisher
    - ReactiveSwift
    - XCGLogger
  - MJRefresh (3.1.15.5)
  - ObjcExceptionBridging (1.0.1):
    - ObjcExceptionBridging/ObjcExceptionBridging (= 1.0.1)
  - ObjcExceptionBridging/ObjcExceptionBridging (1.0.1)
  - PinLayout (1.5.9)
  - pop (1.0.10)
  - PopoverImagePicker (0.1.0):
    - ActionSheet
    - Album
    - AlertController
    - Core
    - PinLayout
    - ReactiveSwift
  - ReactiveCocoa (8.0.0):
    - ReactiveSwift (~> 4.0)
  - ReactiveObjC (3.1.0)
  - ReactiveSwift (4.0.0):
    - Result (~> 4.0)
  - Result (4.0.0)
  - SnapKit (4.0.0)
  - SwiftyJSON (4.1.0)
  - WechatOpenSDK (1.8.2)
  - XCGLogger (6.0.4):
    - XCGLogger/Core (= 6.0.4)
  - XCGLogger/Core (6.0.4):
    - ObjcExceptionBridging
  - ZXingObjC (3.6.2):
    - ZXingObjC/All (= 3.6.2)
  - ZXingObjC/All (3.6.2)

DEPENDENCIES:
  - ActionSheet (from `submodules/ActionSheet/`)
  - Album (from `submodules/Album/`)
  - AlertController (from `submodules/AlertController/`)
  - Core (from `submodules/Core/`)
  - ESTabBarController (from `submodules/ESTabBarController/`)
  - Eureka (from `submodules/Eureka/`)
  - FDFullscreenPopGesture (from `submodules/FDFullscreenPopGesture/`)
  - HUD (from `submodules/HUD/`)
  - Masonry
  - MediaEditorKit (from `submodules/MediaEditorKit/`)
  - Mesh (from `submodules/Mesh/`)
  - MJRefresh (from `submodules/MJRefresh/`)
  - PinLayout (from `submodules/PinLayout/`)
  - PopoverImagePicker (from `submodules/PopoverImagePicker/`)
  - ReactiveCocoa (from `submodules/ReactiveCocoa/`)
  - ReactiveObjC (from `submodules/ReactiveObjC/`)
  - ReactiveSwift (from `submodules/ReactiveSwift/`)
  - Result (from `submodules/Result/`)
  - SnapKit (from `submodules/SnapKit/`)
  - SwiftyJSON (from `submodules/SwiftyJSON/`)
  - WechatOpenSDK
  - XCGLogger (from `submodules/XCGLogger/`)
  - ZXingObjC (from `submodules/ZXingObjC/`)

SPEC REPOS:
  https://github.com/cocoapods/specs.git:
    - Kingfisher
    - Masonry
    - ObjcExceptionBridging
    - pop
    - WechatOpenSDK

EXTERNAL SOURCES:
  ActionSheet:
    :path: submodules/ActionSheet/
  Album:
    :path: submodules/Album/
  AlertController:
    :path: submodules/AlertController/
  Core:
    :path: submodules/Core/
  ESTabBarController:
    :path: submodules/ESTabBarController/
  Eureka:
    :path: submodules/Eureka/
  FDFullscreenPopGesture:
    :path: submodules/FDFullscreenPopGesture/
  HUD:
    :path: submodules/HUD/
  MediaEditorKit:
    :path: submodules/MediaEditorKit/
  Mesh:
    :path: submodules/Mesh/
  MJRefresh:
    :path: submodules/MJRefresh/
  PinLayout:
    :path: submodules/PinLayout/
  PopoverImagePicker:
    :path: submodules/PopoverImagePicker/
  ReactiveCocoa:
    :path: submodules/ReactiveCocoa/
  ReactiveObjC:
    :path: submodules/ReactiveObjC/
  ReactiveSwift:
    :path: submodules/ReactiveSwift/
  Result:
    :path: submodules/Result/
  SnapKit:
    :path: submodules/SnapKit/
  SwiftyJSON:
    :path: submodules/SwiftyJSON/
  XCGLogger:
    :path: submodules/XCGLogger/
  ZXingObjC:
    :path: submodules/ZXingObjC/

SPEC CHECKSUMS:
  ActionSheet: 481c7b0b90691c4882cdc915b3c144df3e93ef5b
  Album: 49b56b2a29b28222668384e02a77e406d8fa0547
  AlertController: 428d46ec2c9496d92151ab7a0cb66989ddce624f
  Core: 2fbd9d0be76ed231f520bd2db4a45a75b07b8c51
  ESTabBarController: 8db71cb7f648747a11f25ede0f91195cb0394c27
  Eureka: 246b17918da454e3b38cc64aea23af2d3463fd81
  FDFullscreenPopGesture: 7e81964528cd8f9419b2ea07189b4d05929b9f22
  HUD: a0622060114bf7b9d75896184789ee16551d8a1e
  Kingfisher: 868c1149679a7ab6869be118faa9b5aed154aaf0
  Masonry: 678fab65091a9290e40e2832a55e7ab731aad201
  MediaEditorKit: 90ef5430b2eb065b783cccceef6f787eec1ea081
  Mesh: d7dca107b41d6636aa334f2e475f9d0881dad70e
  MJRefresh: 0baede3bc35739e7c57d2ed678545897ce96681a
  ObjcExceptionBridging: c30e00eb3700467e695faeea30e26e18bd445001
  PinLayout: c1476693fc284c78b297d8319b727ed2e237fcb5
  pop: 82ca6b068ce9278fd350fd9dd09482a0ce9492e6
  PopoverImagePicker: 39ebd94fed622f2a939eec1374a2453c3feb0aed
  ReactiveCocoa: bec7898df69c7d2b2b2f26ed1677a87cb599c147
  ReactiveObjC: d136aca40062171b3c550a772b154f9f5e9bdfd0
  ReactiveSwift: 3f8af1faebcc4492726abb5fdfd9197e5566e006
  Result: 9fb2387ec0702a13f0d56353815635aa431eaf81
  SnapKit: feb331006d7f8c05828bf5ecda16611ed144a947
  SwiftyJSON: e58a312a0274068d4444ee06dc73202a516754fc
  WechatOpenSDK: 676feec516a11173eafd1fe64b10d27babf28701
  XCGLogger: 5a21c8be020a21d0b798937f85c1cdb61a288422
  ZXingObjC: df03d998b10bd2879fed52d1967cc8bb8b575671

PODFILE CHECKSUM: 0abc0237f2a3bba7428c2799615590167e5181fc

COCOAPODS: 1.5.2
